
Microsoft Visual Studio Solution File, Format Version 12.00
# Visual Studio Version 17
VisualStudioVersion = 17.0.32126.317
MinimumVisualStudioVersion = 10.0.40219.1
Project("{FAE04EC0-301F-11D3-BF4B-00C04F79EFBC}") = "debug", "debug\debug.csproj", "{795833F6-300D-4E1F-A094-22D2CCD85B99}"
EndProject
Project("{FAE04EC0-301F-11D3-BF4B-00C04F79EFBC}") = "debug02", "debug02\debug02.csproj", "{75FE5BC9-95B2-43B9-AFC7-F19E660AC638}"
EndProject
Global
	GlobalSection(SolutionConfigurationPlatforms) = preSolution
		Debug|Any CPU = Debug|Any CPU
		Release|Any CPU = Release|Any CPU
	EndGlobalSection
	GlobalSection(ProjectConfigurationPlatforms) = postSolution
		{795833F6-300D-4E1F-A094-22D2CCD85B99}.Debug|Any CPU.ActiveCfg = Debug|Any CPU
		{795833F6-300D-4E1F-A094-22D2CCD85B99}.Debug|Any CPU.Build.0 = Debug|Any CPU
		{795833F6-300D-4E1F-A094-22D2CCD85B99}.Release|Any CPU.ActiveCfg = Release|Any CPU
		{795833F6-300D-4E1F-A094-22D2CCD85B99}.Release|Any CPU.Build.0 = Release|Any CPU
		{75FE5BC9-95B2-43B9-AFC7-F19E660AC638}.Debug|Any CPU.ActiveCfg = Debug|Any CPU
		{75FE5BC9-95B2-43B9-AFC7-F19E660AC638}.Debug|Any CPU.Build.0 = Debug|Any CPU
		{75FE5BC9-95B2-43B9-AFC7-F19E660AC638}.Release|Any CPU.ActiveCfg = Release|Any CPU
		{75FE5BC9-95B2-43B9-AFC7-F19E660AC638}.Release|Any CPU.Build.0 = Release|Any CPU
	EndGlobalSection
	GlobalSection(SolutionProperties) = preSolution
		HideSolutionNode = FALSE
	EndGlobalSection
	GlobalSection(ExtensibilityGlobals) = postSolution
		SolutionGuid = {F840FCDA-86BD-4EB6-92FE-C38FF020A6AA}
	EndGlobalSection
EndGlobal
