
Microsoft Visual Studio Solution File, Format Version 12.00
# Visual Studio Version 17
VisualStudioVersion = 17.0.32126.317
MinimumVisualStudioVersion = 10.0.40219.1
Project("{9A19103F-16F7-4668-BE54-9A1E7A4F7556}") = "DLithe_BC_NFS_T_Task27_C", "DLithe_BC_NFS_T_Task27_C\DLithe_BC_NFS_T_Task27_C.csproj", "{48277008-C946-45FF-B73B-D6111FF8F6BA}"
EndProject
Project("{FAE04EC0-301F-11D3-BF4B-00C04F79EFBC}") = "PartialClass", "..\PartialClass\PartialClass.csproj", "{0B589494-DB42-4BBD-8501-61660E44B0A2}"
EndProject
Global
	GlobalSection(SolutionConfigurationPlatforms) = preSolution
		Debug|Any CPU = Debug|Any CPU
		Release|Any CPU = Release|Any CPU
	EndGlobalSection
	GlobalSection(ProjectConfigurationPlatforms) = postSolution
		{48277008-C946-45FF-B73B-D6111FF8F6BA}.Debug|Any CPU.ActiveCfg = Debug|Any CPU
		{48277008-C946-45FF-B73B-D6111FF8F6BA}.Debug|Any CPU.Build.0 = Debug|Any CPU
		{48277008-C946-45FF-B73B-D6111FF8F6BA}.Release|Any CPU.ActiveCfg = Release|Any CPU
		{48277008-C946-45FF-B73B-D6111FF8F6BA}.Release|Any CPU.Build.0 = Release|Any CPU
		{0B589494-DB42-4BBD-8501-61660E44B0A2}.Debug|Any CPU.ActiveCfg = Debug|Any CPU
		{0B589494-DB42-4BBD-8501-61660E44B0A2}.Debug|Any CPU.Build.0 = Debug|Any CPU
		{0B589494-DB42-4BBD-8501-61660E44B0A2}.Release|Any CPU.ActiveCfg = Release|Any CPU
		{0B589494-DB42-4BBD-8501-61660E44B0A2}.Release|Any CPU.Build.0 = Release|Any CPU
	EndGlobalSection
	GlobalSection(SolutionProperties) = preSolution
		HideSolutionNode = FALSE
	EndGlobalSection
	GlobalSection(ExtensibilityGlobals) = postSolution
		SolutionGuid = {A2DAA3BE-D0CA-41D0-9956-2867129CC610}
	EndGlobalSection
EndGlobal
